
Microsoft Visual Studio Solution File, Format Version 12.00
# Visual Studio Version 17
VisualStudioVersion = 17.4.33213.308
MinimumVisualStudioVersion = 10.0.40219.1
Project("{FAE04EC0-301F-11D3-BF4B-00C04F79EFBC}") = "CsharpProgramming", "CsharpProgramming\CsharpProgramming.csproj", "{B93D0D1A-43B8-49DE-AA3C-828B0E0E3C5A}"
EndProject
Project("{FAE04EC0-301F-11D3-BF4B-00C04F79EFBC}") = "CsharpSyntax", "CsharpSyntax\CsharpSyntax.csproj", "{CC4C48A7-E210-4D95-A0D2-98CF5B512ADB}"
EndProject
Global
	GlobalSection(SolutionConfigurationPlatforms) = preSolution
		Debug|Any CPU = Debug|Any CPU
		Release|Any CPU = Release|Any CPU
	EndGlobalSection
	GlobalSection(ProjectConfigurationPlatforms) = postSolution
		{B93D0D1A-43B8-49DE-AA3C-828B0E0E3C5A}.Debug|Any CPU.ActiveCfg = Debug|Any CPU
		{B93D0D1A-43B8-49DE-AA3C-828B0E0E3C5A}.Debug|Any CPU.Build.0 = Debug|Any CPU
		{B93D0D1A-43B8-49DE-AA3C-828B0E0E3C5A}.Release|Any CPU.ActiveCfg = Release|Any CPU
		{B93D0D1A-43B8-49DE-AA3C-828B0E0E3C5A}.Release|Any CPU.Build.0 = Release|Any CPU
		{CC4C48A7-E210-4D95-A0D2-98CF5B512ADB}.Debug|Any CPU.ActiveCfg = Debug|Any CPU
		{CC4C48A7-E210-4D95-A0D2-98CF5B512ADB}.Debug|Any CPU.Build.0 = Debug|Any CPU
		{CC4C48A7-E210-4D95-A0D2-98CF5B512ADB}.Release|Any CPU.ActiveCfg = Release|Any CPU
		{CC4C48A7-E210-4D95-A0D2-98CF5B512ADB}.Release|Any CPU.Build.0 = Release|Any CPU
	EndGlobalSection
	GlobalSection(SolutionProperties) = preSolution
		HideSolutionNode = FALSE
	EndGlobalSection
	GlobalSection(ExtensibilityGlobals) = postSolution
		SolutionGuid = {00D2A4C4-00D5-46D9-AD25-57CDF33380E3}
	EndGlobalSection
EndGlobal
