
Microsoft Visual Studio Solution File, Format Version 12.00
# Visual Studio Version 17
VisualStudioVersion = 17.4.33213.308
MinimumVisualStudioVersion = 10.0.40219.1
Project("{9A19103F-16F7-4668-BE54-9A1E7A4F7556}") = "02. Copy", "02. Copy\02. Copy.csproj", "{C53AD961-D2A1-48AE-840A-AAF8CC5CEF16}"
EndProject
Project("{9A19103F-16F7-4668-BE54-9A1E7A4F7556}") = "03. OOP", "03. OOP\03. OOP.csproj", "{890D2393-C3EB-485B-B7A4-E676EC9E908E}"
EndProject
Project("{9A19103F-16F7-4668-BE54-9A1E7A4F7556}") = "01. Input and Output", "01. Input and Output\01. Input and Output.csproj", "{188F4F28-38F6-465D-AC8C-155824A54F4E}"
EndProject
Project("{9A19103F-16F7-4668-BE54-9A1E7A4F7556}") = "ETC", "ETC\ETC.csproj", "{09BAA879-2BD4-4EDE-89F4-39A42FBF9842}"
EndProject
Project("{9A19103F-16F7-4668-BE54-9A1E7A4F7556}") = "04. Interface", "04. Interface\04. Interface.csproj", "{19EB9219-EB43-49A4-985D-FE58F2515A11}"
EndProject
Project("{9A19103F-16F7-4668-BE54-9A1E7A4F7556}") = "05. Array and Generic", "05. Array and Generic\05. Array and Generic.csproj", "{930DF120-6485-4F9F-9DD7-7173627B0701}"
EndProject
Project("{9A19103F-16F7-4668-BE54-9A1E7A4F7556}") = "etc.BlackJack", "BlackJack\etc.BlackJack.csproj", "{363C4973-7943-458A-90BD-92593D887385}"
EndProject
Project("{9A19103F-16F7-4668-BE54-9A1E7A4F7556}") = "CodingTest", "CodingTest\CodingTest.csproj", "{D2E3DA7B-5255-4374-9B0D-301652ECB87A}"
EndProject
Project("{2150E333-8FDC-42A3-9474-1A3956D46DE8}") = "Project", "Project", "{FEAE33C3-F390-4B64-B892-075E2AC28B89}"
EndProject
Project("{9A19103F-16F7-4668-BE54-9A1E7A4F7556}") = "01.OOP", "OOP_LOL\01.OOP.csproj", "{1869AE55-BB1F-4C1E-9322-2850481E21DC}"
EndProject
Project("{2150E333-8FDC-42A3-9474-1A3956D46DE8}") = "Study", "Study", "{E4826CDE-218E-423D-91D8-106DB56EB651}"
EndProject
Project("{9A19103F-16F7-4668-BE54-9A1E7A4F7556}") = "00.Basic", "00.Basic\00.Basic.csproj", "{14D744DA-5521-45C3-AFA5-C3191E15FD83}"
EndProject
Project("{2150E333-8FDC-42A3-9474-1A3956D46DE8}") = "02.Interface", "02.Interface", "{83EAB18D-21F9-4623-88C2-1692815946CD}"
EndProject
Project("{2150E333-8FDC-42A3-9474-1A3956D46DE8}") = "00.MainSystem", "00.MainSystem", "{A54C25E6-2201-4A93-AA37-6D6AF4CA29F7}"
EndProject
Project("{2150E333-8FDC-42A3-9474-1A3956D46DE8}") = "01.Objects", "01.Objects", "{B4915C19-F6FD-4728-95FF-C2F909F41294}"
EndProject
Project("{9A19103F-16F7-4668-BE54-9A1E7A4F7556}") = "Main", "Main\Main.csproj", "{68F5E5CB-6744-4DDE-996D-A73D108DD12A}"
EndProject
Project("{FAE04EC0-301F-11D3-BF4B-00C04F79EFBC}") = "06. Delegate", "06. Delegate\06. Delegate.csproj", "{883BA375-9DB2-429F-BA27-0621F2EB599B}"
EndProject
Global
	GlobalSection(SolutionConfigurationPlatforms) = preSolution
		Debug|Any CPU = Debug|Any CPU
		Release|Any CPU = Release|Any CPU
	EndGlobalSection
	GlobalSection(ProjectConfigurationPlatforms) = postSolution
		{C53AD961-D2A1-48AE-840A-AAF8CC5CEF16}.Debug|Any CPU.ActiveCfg = Debug|Any CPU
		{C53AD961-D2A1-48AE-840A-AAF8CC5CEF16}.Debug|Any CPU.Build.0 = Debug|Any CPU
		{C53AD961-D2A1-48AE-840A-AAF8CC5CEF16}.Release|Any CPU.ActiveCfg = Release|Any CPU
		{C53AD961-D2A1-48AE-840A-AAF8CC5CEF16}.Release|Any CPU.Build.0 = Release|Any CPU
		{890D2393-C3EB-485B-B7A4-E676EC9E908E}.Debug|Any CPU.ActiveCfg = Debug|Any CPU
		{890D2393-C3EB-485B-B7A4-E676EC9E908E}.Debug|Any CPU.Build.0 = Debug|Any CPU
		{890D2393-C3EB-485B-B7A4-E676EC9E908E}.Release|Any CPU.ActiveCfg = Release|Any CPU
		{890D2393-C3EB-485B-B7A4-E676EC9E908E}.Release|Any CPU.Build.0 = Release|Any CPU
		{188F4F28-38F6-465D-AC8C-155824A54F4E}.Debug|Any CPU.ActiveCfg = Debug|Any CPU
		{188F4F28-38F6-465D-AC8C-155824A54F4E}.Debug|Any CPU.Build.0 = Debug|Any CPU
		{188F4F28-38F6-465D-AC8C-155824A54F4E}.Release|Any CPU.ActiveCfg = Release|Any CPU
		{188F4F28-38F6-465D-AC8C-155824A54F4E}.Release|Any CPU.Build.0 = Release|Any CPU
		{09BAA879-2BD4-4EDE-89F4-39A42FBF9842}.Debug|Any CPU.ActiveCfg = Debug|Any CPU
		{09BAA879-2BD4-4EDE-89F4-39A42FBF9842}.Debug|Any CPU.Build.0 = Debug|Any CPU
		{09BAA879-2BD4-4EDE-89F4-39A42FBF9842}.Release|Any CPU.ActiveCfg = Release|Any CPU
		{09BAA879-2BD4-4EDE-89F4-39A42FBF9842}.Release|Any CPU.Build.0 = Release|Any CPU
		{19EB9219-EB43-49A4-985D-FE58F2515A11}.Debug|Any CPU.ActiveCfg = Debug|Any CPU
		{19EB9219-EB43-49A4-985D-FE58F2515A11}.Debug|Any CPU.Build.0 = Debug|Any CPU
		{19EB9219-EB43-49A4-985D-FE58F2515A11}.Release|Any CPU.ActiveCfg = Release|Any CPU
		{19EB9219-EB43-49A4-985D-FE58F2515A11}.Release|Any CPU.Build.0 = Release|Any CPU
		{930DF120-6485-4F9F-9DD7-7173627B0701}.Debug|Any CPU.ActiveCfg = Debug|Any CPU
		{930DF120-6485-4F9F-9DD7-7173627B0701}.Debug|Any CPU.Build.0 = Debug|Any CPU
		{930DF120-6485-4F9F-9DD7-7173627B0701}.Release|Any CPU.ActiveCfg = Release|Any CPU
		{930DF120-6485-4F9F-9DD7-7173627B0701}.Release|Any CPU.Build.0 = Release|Any CPU
		{363C4973-7943-458A-90BD-92593D887385}.Debug|Any CPU.ActiveCfg = Debug|Any CPU
		{363C4973-7943-458A-90BD-92593D887385}.Debug|Any CPU.Build.0 = Debug|Any CPU
		{363C4973-7943-458A-90BD-92593D887385}.Release|Any CPU.ActiveCfg = Release|Any CPU
		{363C4973-7943-458A-90BD-92593D887385}.Release|Any CPU.Build.0 = Release|Any CPU
		{D2E3DA7B-5255-4374-9B0D-301652ECB87A}.Debug|Any CPU.ActiveCfg = Debug|Any CPU
		{D2E3DA7B-5255-4374-9B0D-301652ECB87A}.Debug|Any CPU.Build.0 = Debug|Any CPU
		{D2E3DA7B-5255-4374-9B0D-301652ECB87A}.Release|Any CPU.ActiveCfg = Release|Any CPU
		{D2E3DA7B-5255-4374-9B0D-301652ECB87A}.Release|Any CPU.Build.0 = Release|Any CPU
		{1869AE55-BB1F-4C1E-9322-2850481E21DC}.Debug|Any CPU.ActiveCfg = Debug|Any CPU
		{1869AE55-BB1F-4C1E-9322-2850481E21DC}.Debug|Any CPU.Build.0 = Debug|Any CPU
		{1869AE55-BB1F-4C1E-9322-2850481E21DC}.Release|Any CPU.ActiveCfg = Release|Any CPU
		{1869AE55-BB1F-4C1E-9322-2850481E21DC}.Release|Any CPU.Build.0 = Release|Any CPU
		{14D744DA-5521-45C3-AFA5-C3191E15FD83}.Debug|Any CPU.ActiveCfg = Debug|Any CPU
		{14D744DA-5521-45C3-AFA5-C3191E15FD83}.Debug|Any CPU.Build.0 = Debug|Any CPU
		{14D744DA-5521-45C3-AFA5-C3191E15FD83}.Release|Any CPU.ActiveCfg = Release|Any CPU
		{14D744DA-5521-45C3-AFA5-C3191E15FD83}.Release|Any CPU.Build.0 = Release|Any CPU
		{68F5E5CB-6744-4DDE-996D-A73D108DD12A}.Debug|Any CPU.ActiveCfg = Debug|Any CPU
		{68F5E5CB-6744-4DDE-996D-A73D108DD12A}.Debug|Any CPU.Build.0 = Debug|Any CPU
		{68F5E5CB-6744-4DDE-996D-A73D108DD12A}.Release|Any CPU.ActiveCfg = Release|Any CPU
		{68F5E5CB-6744-4DDE-996D-A73D108DD12A}.Release|Any CPU.Build.0 = Release|Any CPU
		{883BA375-9DB2-429F-BA27-0621F2EB599B}.Debug|Any CPU.ActiveCfg = Debug|Any CPU
		{883BA375-9DB2-429F-BA27-0621F2EB599B}.Debug|Any CPU.Build.0 = Debug|Any CPU
		{883BA375-9DB2-429F-BA27-0621F2EB599B}.Release|Any CPU.ActiveCfg = Release|Any CPU
		{883BA375-9DB2-429F-BA27-0621F2EB599B}.Release|Any CPU.Build.0 = Release|Any CPU
	EndGlobalSection
	GlobalSection(SolutionProperties) = preSolution
		HideSolutionNode = FALSE
	EndGlobalSection
	GlobalSection(NestedProjects) = preSolution
		{C53AD961-D2A1-48AE-840A-AAF8CC5CEF16} = {E4826CDE-218E-423D-91D8-106DB56EB651}
		{890D2393-C3EB-485B-B7A4-E676EC9E908E} = {E4826CDE-218E-423D-91D8-106DB56EB651}
		{188F4F28-38F6-465D-AC8C-155824A54F4E} = {E4826CDE-218E-423D-91D8-106DB56EB651}
		{19EB9219-EB43-49A4-985D-FE58F2515A11} = {E4826CDE-218E-423D-91D8-106DB56EB651}
		{930DF120-6485-4F9F-9DD7-7173627B0701} = {E4826CDE-218E-423D-91D8-106DB56EB651}
		{363C4973-7943-458A-90BD-92593D887385} = {FEAE33C3-F390-4B64-B892-075E2AC28B89}
		{1869AE55-BB1F-4C1E-9322-2850481E21DC} = {FEAE33C3-F390-4B64-B892-075E2AC28B89}
		{14D744DA-5521-45C3-AFA5-C3191E15FD83} = {FEAE33C3-F390-4B64-B892-075E2AC28B89}
		{83EAB18D-21F9-4623-88C2-1692815946CD} = {FEAE33C3-F390-4B64-B892-075E2AC28B89}
		{A54C25E6-2201-4A93-AA37-6D6AF4CA29F7} = {FEAE33C3-F390-4B64-B892-075E2AC28B89}
		{B4915C19-F6FD-4728-95FF-C2F909F41294} = {FEAE33C3-F390-4B64-B892-075E2AC28B89}
		{68F5E5CB-6744-4DDE-996D-A73D108DD12A} = {A54C25E6-2201-4A93-AA37-6D6AF4CA29F7}
		{883BA375-9DB2-429F-BA27-0621F2EB599B} = {E4826CDE-218E-423D-91D8-106DB56EB651}
	EndGlobalSection
	GlobalSection(ExtensibilityGlobals) = postSolution
		SolutionGuid = {00D2A4C4-00D5-46D9-AD25-57CDF33380E3}
	EndGlobalSection
EndGlobal
