
Microsoft Visual Studio Solution File, Format Version 12.00
# Visual Studio Version 17
VisualStudioVersion = 17.4.33213.308
MinimumVisualStudioVersion = 10.0.40219.1
Project("{9A19103F-16F7-4668-BE54-9A1E7A4F7556}") = "02. Copy", "02. Copy\02. Copy.csproj", "{C53AD961-D2A1-48AE-840A-AAF8CC5CEF16}"
EndProject
Project("{9A19103F-16F7-4668-BE54-9A1E7A4F7556}") = "03. OOP", "03. OOP\03. OOP.csproj", "{890D2393-C3EB-485B-B7A4-E676EC9E908E}"
EndProject
Project("{9A19103F-16F7-4668-BE54-9A1E7A4F7556}") = "01. Input and Output", "01. Input and Output\01. Input and Output.csproj", "{188F4F28-38F6-465D-AC8C-155824A54F4E}"
EndProject
Project("{9A19103F-16F7-4668-BE54-9A1E7A4F7556}") = "ETC", "ETC\ETC.csproj", "{09BAA879-2BD4-4EDE-89F4-39A42FBF9842}"
EndProject
Project("{9A19103F-16F7-4668-BE54-9A1E7A4F7556}") = "04. Interface", "04. Interface\04. Interface.csproj", "{19EB9219-EB43-49A4-985D-FE58F2515A11}"
EndProject
Project("{9A19103F-16F7-4668-BE54-9A1E7A4F7556}") = "05. Array and Generic", "05. Array and Generic\05. Array and Generic.csproj", "{930DF120-6485-4F9F-9DD7-7173627B0701}"
EndProject
Project("{2150E333-8FDC-42A3-9474-1A3956D46DE8}") = "Study", "Study", "{E4826CDE-218E-423D-91D8-106DB56EB651}"
EndProject
Project("{9A19103F-16F7-4668-BE54-9A1E7A4F7556}") = "06. Delegate", "06. Delegate\06. Delegate.csproj", "{883BA375-9DB2-429F-BA27-0621F2EB599B}"
EndProject
Project("{9A19103F-16F7-4668-BE54-9A1E7A4F7556}") = "07. Event", "07. Event\07. Event.csproj", "{BD380F21-8829-459F-97FF-457CEAEE12B9}"
EndProject
Project("{9A19103F-16F7-4668-BE54-9A1E7A4F7556}") = "00. etc", "00.etc\00. etc.csproj", "{E42AE238-D80B-46AF-A38F-C414E9346C41}"
EndProject
Project("{9A19103F-16F7-4668-BE54-9A1E7A4F7556}") = "08. Additional", "08. Additional\08. Additional.csproj", "{3A16B12C-8D9C-4EEC-B51D-3129F982F352}"
EndProject
Project("{2150E333-8FDC-42A3-9474-1A3956D46DE8}") = "01. Programming", "01. Programming", "{F8836E25-A795-42FF-90BC-669FD245F1C6}"
EndProject
Project("{2150E333-8FDC-42A3-9474-1A3956D46DE8}") = "02. Algorithm", "02. Algorithm", "{5C7053D9-1858-4769-ABCA-7F5DDF89833B}"
EndProject
Project("{FAE04EC0-301F-11D3-BF4B-00C04F79EFBC}") = "00. Basic", "00. Basic\00. Basic.csproj", "{BCFAB8C1-1ABA-4B06-A8C0-67B9C3B710A7}"
EndProject
Project("{2150E333-8FDC-42A3-9474-1A3956D46DE8}") = "03. DataStructure", "03. DataStructure", "{28A9BC47-0061-4935-AC42-6074D78944CF}"
EndProject
Project("{FAE04EC0-301F-11D3-BF4B-00C04F79EFBC}") = "01. List", "01. List\01. List.csproj", "{1D0DBAC9-4BEC-4C29-B358-2DE037D887FC}"
EndProject
Project("{FAE04EC0-301F-11D3-BF4B-00C04F79EFBC}") = "00. DataStructure", "00. DataStructure\00. DataStructure.csproj", "{E341846F-02A6-4431-9D1B-21157BCC23F2}"
EndProject
Global
	GlobalSection(SolutionConfigurationPlatforms) = preSolution
		Debug|Any CPU = Debug|Any CPU
		Release|Any CPU = Release|Any CPU
	EndGlobalSection
	GlobalSection(ProjectConfigurationPlatforms) = postSolution
		{C53AD961-D2A1-48AE-840A-AAF8CC5CEF16}.Debug|Any CPU.ActiveCfg = Debug|Any CPU
		{C53AD961-D2A1-48AE-840A-AAF8CC5CEF16}.Debug|Any CPU.Build.0 = Debug|Any CPU
		{C53AD961-D2A1-48AE-840A-AAF8CC5CEF16}.Release|Any CPU.ActiveCfg = Release|Any CPU
		{C53AD961-D2A1-48AE-840A-AAF8CC5CEF16}.Release|Any CPU.Build.0 = Release|Any CPU
		{890D2393-C3EB-485B-B7A4-E676EC9E908E}.Debug|Any CPU.ActiveCfg = Debug|Any CPU
		{890D2393-C3EB-485B-B7A4-E676EC9E908E}.Debug|Any CPU.Build.0 = Debug|Any CPU
		{890D2393-C3EB-485B-B7A4-E676EC9E908E}.Release|Any CPU.ActiveCfg = Release|Any CPU
		{890D2393-C3EB-485B-B7A4-E676EC9E908E}.Release|Any CPU.Build.0 = Release|Any CPU
		{188F4F28-38F6-465D-AC8C-155824A54F4E}.Debug|Any CPU.ActiveCfg = Debug|Any CPU
		{188F4F28-38F6-465D-AC8C-155824A54F4E}.Debug|Any CPU.Build.0 = Debug|Any CPU
		{188F4F28-38F6-465D-AC8C-155824A54F4E}.Release|Any CPU.ActiveCfg = Release|Any CPU
		{188F4F28-38F6-465D-AC8C-155824A54F4E}.Release|Any CPU.Build.0 = Release|Any CPU
		{09BAA879-2BD4-4EDE-89F4-39A42FBF9842}.Debug|Any CPU.ActiveCfg = Debug|Any CPU
		{09BAA879-2BD4-4EDE-89F4-39A42FBF9842}.Debug|Any CPU.Build.0 = Debug|Any CPU
		{09BAA879-2BD4-4EDE-89F4-39A42FBF9842}.Release|Any CPU.ActiveCfg = Release|Any CPU
		{09BAA879-2BD4-4EDE-89F4-39A42FBF9842}.Release|Any CPU.Build.0 = Release|Any CPU
		{19EB9219-EB43-49A4-985D-FE58F2515A11}.Debug|Any CPU.ActiveCfg = Debug|Any CPU
		{19EB9219-EB43-49A4-985D-FE58F2515A11}.Debug|Any CPU.Build.0 = Debug|Any CPU
		{19EB9219-EB43-49A4-985D-FE58F2515A11}.Release|Any CPU.ActiveCfg = Release|Any CPU
		{19EB9219-EB43-49A4-985D-FE58F2515A11}.Release|Any CPU.Build.0 = Release|Any CPU
		{930DF120-6485-4F9F-9DD7-7173627B0701}.Debug|Any CPU.ActiveCfg = Debug|Any CPU
		{930DF120-6485-4F9F-9DD7-7173627B0701}.Debug|Any CPU.Build.0 = Debug|Any CPU
		{930DF120-6485-4F9F-9DD7-7173627B0701}.Release|Any CPU.ActiveCfg = Release|Any CPU
		{930DF120-6485-4F9F-9DD7-7173627B0701}.Release|Any CPU.Build.0 = Release|Any CPU
		{883BA375-9DB2-429F-BA27-0621F2EB599B}.Debug|Any CPU.ActiveCfg = Debug|Any CPU
		{883BA375-9DB2-429F-BA27-0621F2EB599B}.Debug|Any CPU.Build.0 = Debug|Any CPU
		{883BA375-9DB2-429F-BA27-0621F2EB599B}.Release|Any CPU.ActiveCfg = Release|Any CPU
		{883BA375-9DB2-429F-BA27-0621F2EB599B}.Release|Any CPU.Build.0 = Release|Any CPU
		{BD380F21-8829-459F-97FF-457CEAEE12B9}.Debug|Any CPU.ActiveCfg = Debug|Any CPU
		{BD380F21-8829-459F-97FF-457CEAEE12B9}.Debug|Any CPU.Build.0 = Debug|Any CPU
		{BD380F21-8829-459F-97FF-457CEAEE12B9}.Release|Any CPU.ActiveCfg = Release|Any CPU
		{BD380F21-8829-459F-97FF-457CEAEE12B9}.Release|Any CPU.Build.0 = Release|Any CPU
		{E42AE238-D80B-46AF-A38F-C414E9346C41}.Debug|Any CPU.ActiveCfg = Debug|Any CPU
		{E42AE238-D80B-46AF-A38F-C414E9346C41}.Debug|Any CPU.Build.0 = Debug|Any CPU
		{E42AE238-D80B-46AF-A38F-C414E9346C41}.Release|Any CPU.ActiveCfg = Release|Any CPU
		{E42AE238-D80B-46AF-A38F-C414E9346C41}.Release|Any CPU.Build.0 = Release|Any CPU
		{3A16B12C-8D9C-4EEC-B51D-3129F982F352}.Debug|Any CPU.ActiveCfg = Debug|Any CPU
		{3A16B12C-8D9C-4EEC-B51D-3129F982F352}.Debug|Any CPU.Build.0 = Debug|Any CPU
		{3A16B12C-8D9C-4EEC-B51D-3129F982F352}.Release|Any CPU.ActiveCfg = Release|Any CPU
		{3A16B12C-8D9C-4EEC-B51D-3129F982F352}.Release|Any CPU.Build.0 = Release|Any CPU
		{BCFAB8C1-1ABA-4B06-A8C0-67B9C3B710A7}.Debug|Any CPU.ActiveCfg = Debug|Any CPU
		{BCFAB8C1-1ABA-4B06-A8C0-67B9C3B710A7}.Debug|Any CPU.Build.0 = Debug|Any CPU
		{BCFAB8C1-1ABA-4B06-A8C0-67B9C3B710A7}.Release|Any CPU.ActiveCfg = Release|Any CPU
		{BCFAB8C1-1ABA-4B06-A8C0-67B9C3B710A7}.Release|Any CPU.Build.0 = Release|Any CPU
		{1D0DBAC9-4BEC-4C29-B358-2DE037D887FC}.Debug|Any CPU.ActiveCfg = Debug|Any CPU
		{1D0DBAC9-4BEC-4C29-B358-2DE037D887FC}.Debug|Any CPU.Build.0 = Debug|Any CPU
		{1D0DBAC9-4BEC-4C29-B358-2DE037D887FC}.Release|Any CPU.ActiveCfg = Release|Any CPU
		{1D0DBAC9-4BEC-4C29-B358-2DE037D887FC}.Release|Any CPU.Build.0 = Release|Any CPU
		{E341846F-02A6-4431-9D1B-21157BCC23F2}.Debug|Any CPU.ActiveCfg = Debug|Any CPU
		{E341846F-02A6-4431-9D1B-21157BCC23F2}.Debug|Any CPU.Build.0 = Debug|Any CPU
		{E341846F-02A6-4431-9D1B-21157BCC23F2}.Release|Any CPU.ActiveCfg = Release|Any CPU
		{E341846F-02A6-4431-9D1B-21157BCC23F2}.Release|Any CPU.Build.0 = Release|Any CPU
	EndGlobalSection
	GlobalSection(SolutionProperties) = preSolution
		HideSolutionNode = FALSE
	EndGlobalSection
	GlobalSection(NestedProjects) = preSolution
		{C53AD961-D2A1-48AE-840A-AAF8CC5CEF16} = {F8836E25-A795-42FF-90BC-669FD245F1C6}
		{890D2393-C3EB-485B-B7A4-E676EC9E908E} = {F8836E25-A795-42FF-90BC-669FD245F1C6}
		{188F4F28-38F6-465D-AC8C-155824A54F4E} = {F8836E25-A795-42FF-90BC-669FD245F1C6}
		{19EB9219-EB43-49A4-985D-FE58F2515A11} = {F8836E25-A795-42FF-90BC-669FD245F1C6}
		{930DF120-6485-4F9F-9DD7-7173627B0701} = {F8836E25-A795-42FF-90BC-669FD245F1C6}
		{883BA375-9DB2-429F-BA27-0621F2EB599B} = {F8836E25-A795-42FF-90BC-669FD245F1C6}
		{BD380F21-8829-459F-97FF-457CEAEE12B9} = {F8836E25-A795-42FF-90BC-669FD245F1C6}
		{E42AE238-D80B-46AF-A38F-C414E9346C41} = {F8836E25-A795-42FF-90BC-669FD245F1C6}
		{3A16B12C-8D9C-4EEC-B51D-3129F982F352} = {F8836E25-A795-42FF-90BC-669FD245F1C6}
		{F8836E25-A795-42FF-90BC-669FD245F1C6} = {E4826CDE-218E-423D-91D8-106DB56EB651}
		{5C7053D9-1858-4769-ABCA-7F5DDF89833B} = {E4826CDE-218E-423D-91D8-106DB56EB651}
		{BCFAB8C1-1ABA-4B06-A8C0-67B9C3B710A7} = {5C7053D9-1858-4769-ABCA-7F5DDF89833B}
		{28A9BC47-0061-4935-AC42-6074D78944CF} = {E4826CDE-218E-423D-91D8-106DB56EB651}
		{1D0DBAC9-4BEC-4C29-B358-2DE037D887FC} = {28A9BC47-0061-4935-AC42-6074D78944CF}
		{E341846F-02A6-4431-9D1B-21157BCC23F2} = {28A9BC47-0061-4935-AC42-6074D78944CF}
	EndGlobalSection
	GlobalSection(ExtensibilityGlobals) = postSolution
		SolutionGuid = {00D2A4C4-00D5-46D9-AD25-57CDF33380E3}
	EndGlobalSection
EndGlobal
